
Microsoft Visual Studio Solution File, Format Version 12.00
# Visual Studio 15
VisualStudioVersion = 15.0.28107.0
MinimumVisualStudioVersion = 10.0.40219.1
Project("{FAE04EC0-301F-11D3-BF4B-00C04F79EFBC}") = "Hello Elevated World", "Hello Elevated World\Hello Elevated World.csproj", "{7E15CC32-9296-4B87-A205-FF3F0AEB8C77}"
EndProject
Project("{C7167F0D-BC9F-4E6E-AFE1-012C56B48DB5}") = "Package", "Package\Package.wapproj", "{86C09924-6749-48FA-8946-FC3D1CACBBAA}"
EndProject
Global
	GlobalSection(SolutionConfigurationPlatforms) = preSolution
		Debug|Any CPU = Debug|Any CPU
		Debug|x64 = Debug|x64
		Debug|x86 = Debug|x86
		Release|Any CPU = Release|Any CPU
		Release|x64 = Release|x64
		Release|x86 = Release|x86
	EndGlobalSection
	GlobalSection(ProjectConfigurationPlatforms) = postSolution
		{7E15CC32-9296-4B87-A205-FF3F0AEB8C77}.Debug|Any CPU.ActiveCfg = Debug|Any CPU
		{7E15CC32-9296-4B87-A205-FF3F0AEB8C77}.Debug|Any CPU.Build.0 = Debug|Any CPU
		{7E15CC32-9296-4B87-A205-FF3F0AEB8C77}.Debug|x64.ActiveCfg = Debug|Any CPU
		{7E15CC32-9296-4B87-A205-FF3F0AEB8C77}.Debug|x64.Build.0 = Debug|Any CPU
		{7E15CC32-9296-4B87-A205-FF3F0AEB8C77}.Debug|x86.ActiveCfg = Debug|Any CPU
		{7E15CC32-9296-4B87-A205-FF3F0AEB8C77}.Debug|x86.Build.0 = Debug|Any CPU
		{7E15CC32-9296-4B87-A205-FF3F0AEB8C77}.Release|Any CPU.ActiveCfg = Release|Any CPU
		{7E15CC32-9296-4B87-A205-FF3F0AEB8C77}.Release|Any CPU.Build.0 = Release|Any CPU
		{7E15CC32-9296-4B87-A205-FF3F0AEB8C77}.Release|x64.ActiveCfg = Release|Any CPU
		{7E15CC32-9296-4B87-A205-FF3F0AEB8C77}.Release|x64.Build.0 = Release|Any CPU
		{7E15CC32-9296-4B87-A205-FF3F0AEB8C77}.Release|x86.ActiveCfg = Release|Any CPU
		{7E15CC32-9296-4B87-A205-FF3F0AEB8C77}.Release|x86.Build.0 = Release|Any CPU
		{86C09924-6749-48FA-8946-FC3D1CACBBAA}.Debug|Any CPU.ActiveCfg = Debug|Any CPU
		{86C09924-6749-48FA-8946-FC3D1CACBBAA}.Debug|Any CPU.Build.0 = Debug|Any CPU
		{86C09924-6749-48FA-8946-FC3D1CACBBAA}.Debug|Any CPU.Deploy.0 = Debug|Any CPU
		{86C09924-6749-48FA-8946-FC3D1CACBBAA}.Debug|x64.ActiveCfg = Debug|x64
		{86C09924-6749-48FA-8946-FC3D1CACBBAA}.Debug|x64.Build.0 = Debug|x64
		{86C09924-6749-48FA-8946-FC3D1CACBBAA}.Debug|x64.Deploy.0 = Debug|x64
		{86C09924-6749-48FA-8946-FC3D1CACBBAA}.Debug|x86.ActiveCfg = Debug|x86
		{86C09924-6749-48FA-8946-FC3D1CACBBAA}.Debug|x86.Build.0 = Debug|x86
		{86C09924-6749-48FA-8946-FC3D1CACBBAA}.Debug|x86.Deploy.0 = Debug|x86
		{86C09924-6749-48FA-8946-FC3D1CACBBAA}.Release|Any CPU.ActiveCfg = Release|Any CPU
		{86C09924-6749-48FA-8946-FC3D1CACBBAA}.Release|Any CPU.Build.0 = Release|Any CPU
		{86C09924-6749-48FA-8946-FC3D1CACBBAA}.Release|Any CPU.Deploy.0 = Release|Any CPU
		{86C09924-6749-48FA-8946-FC3D1CACBBAA}.Release|x64.ActiveCfg = Release|x64
		{86C09924-6749-48FA-8946-FC3D1CACBBAA}.Release|x64.Build.0 = Release|x64
		{86C09924-6749-48FA-8946-FC3D1CACBBAA}.Release|x64.Deploy.0 = Release|x64
		{86C09924-6749-48FA-8946-FC3D1CACBBAA}.Release|x86.ActiveCfg = Release|x86
		{86C09924-6749-48FA-8946-FC3D1CACBBAA}.Release|x86.Build.0 = Release|x86
		{86C09924-6749-48FA-8946-FC3D1CACBBAA}.Release|x86.Deploy.0 = Release|x86
	EndGlobalSection
	GlobalSection(SolutionProperties) = preSolution
		HideSolutionNode = FALSE
	EndGlobalSection
	GlobalSection(ExtensibilityGlobals) = postSolution
		SolutionGuid = {89FCE3D5-8E63-4A10-ACDD-FDE399D686A7}
	EndGlobalSection
EndGlobal
